# This file is automatically @generated by Cargo.
# It is not intended for manual editing.
version = 4

[[package]]
name = "advent-of-code-01A"
version = "0.1.0"

[[package]]
name = "advent-of-code-01B"
version = "0.1.0"

[[package]]
name = "advent-of-code-02A"
version = "0.1.0"

[[package]]
name = "advent-of-code-02B"
version = "0.1.0"

[[package]]
name = "advent-of-code-03A"
version = "0.1.0"

[[package]]
name = "advent-of-code-03B"
version = "0.1.0"

[[package]]
name = "advent-of-code-04A"
version = "0.1.0"

[[package]]
name = "advent-of-code-04B"
version = "0.1.0"

[[package]]
name = "advent-of-code-05A"
version = "0.1.0"

[[package]]
name = "advent-of-code-05B"
version = "0.1.0"

[[package]]
name = "advent-of-code-06A"
version = "0.1.0"

[[package]]
name = "advent-of-code-06B"
version = "0.1.0"

[[package]]
name = "advent-of-code-07A"
version = "0.1.0"

[[package]]
name = "advent-of-code-07B"
version = "0.1.0"

[[package]]
name = "advent-of-code-08A"
version = "0.1.0"

[[package]]
name = "advent-of-code-08B"
version = "0.1.0"

[[package]]
name = "advent-of-code-template"
version = "0.1.0"
